[[package]]
name = "pypcap"
version = "1.3.0"
description = "pypcap -- Python interface to pcap a packet capture library"
category = "main"
optional = false
python-versions = "*"
develop = false

[package.source]
type = "directory"
url = "../pypcap"

[metadata]
lock-version = "1.1"
python-versions = ">=3.8"
content-hash = "5a19135de42b4866dbd6927077713723bd57c6def2f400a125f9ff905cb772a9"

[metadata.files]
pypcap = []
